
Microsoft Visual Studio Solution File, Format Version 12.00
# Visual Studio Version 16
VisualStudioVersion = 16.0.29728.190
MinimumVisualStudioVersion = 10.0.40219.1
Project("{FAE04EC0-301F-11D3-BF4B-00C04F79EFBC}") = "Practice6", "Practice6\Practice6.csproj", "{423C7FB5-C78E-4B34-AE38-F3BB733629F8}"
EndProject
Global
	GlobalSection(SolutionConfigurationPlatforms) = preSolution
		Debug|Any CPU = Debug|Any CPU
		Release|Any CPU = Release|Any CPU
	EndGlobalSection
	GlobalSection(ProjectConfigurationPlatforms) = postSolution
		{423C7FB5-C78E-4B34-AE38-F3BB733629F8}.Debug|Any CPU.ActiveCfg = Debug|Any CPU
		{423C7FB5-C78E-4B34-AE38-F3BB733629F8}.Debug|Any CPU.Build.0 = Debug|Any CPU
		{423C7FB5-C78E-4B34-AE38-F3BB733629F8}.Release|Any CPU.ActiveCfg = Release|Any CPU
		{423C7FB5-C78E-4B34-AE38-F3BB733629F8}.Release|Any CPU.Build.0 = Release|Any CPU
	EndGlobalSection
	GlobalSection(SolutionProperties) = preSolution
		HideSolutionNode = FALSE
	EndGlobalSection
	GlobalSection(ExtensibilityGlobals) = postSolution
		SolutionGuid = {621CF6BC-F64A-4317-A30B-DEAD55B9F527}
	EndGlobalSection
EndGlobal
